// !$*UTF8*$!
{
	archiveVersion = 1;
	classes = {
	};
	objectVersion = 56;
	objects = {

/* Begin PBXBuildFile section */
		6B02F2262B68FB95005B36BD /* HomeViewController.swift in Sources */ = {isa = PBXBuildFile; fileRef = 6B02F2252B68FB95005B36BD /* HomeViewController.swift */; };
		6B02F2282B6A398E005B36BD /* ProfileDesignViewController.swift in Sources */ = {isa = PBXBuildFile; fileRef = 6B02F2272B6A398E005B36BD /* ProfileDesignViewController.swift */; };
		6BFC74EF2B6A3CDF00FF0285 /* OpenSans-Semibold.ttf in Resources */ = {isa = PBXBuildFile; fileRef = 6BFC74E42B6A3CDF00FF0285 /* OpenSans-Semibold.ttf */; };
		6BFC74F02B6A3CDF00FF0285 /* OpenSans-Light.ttf in Resources */ = {isa = PBXBuildFile; fileRef = 6BFC74E52B6A3CDF00FF0285 /* OpenSans-Light.ttf */; };
		6BFC74F12B6A3CDF00FF0285 /* OpenSans-Italic.ttf in Resources */ = {isa = PBXBuildFile; fileRef = 6BFC74E62B6A3CDF00FF0285 /* OpenSans-Italic.ttf */; };
		6BFC74F22B6A3CDF00FF0285 /* OpenSans-ExtraBold.ttf in Resources */ = {isa = PBXBuildFile; fileRef = 6BFC74E72B6A3CDF00FF0285 /* OpenSans-ExtraBold.ttf */; };
		6BFC74F32B6A3CDF00FF0285 /* OpenSans-LightItalic.ttf in Resources */ = {isa = PBXBuildFile; fileRef = 6BFC74E82B6A3CDF00FF0285 /* OpenSans-LightItalic.ttf */; };
		6BFC74F42B6A3CDF00FF0285 /* OpenSans-Bold.ttf in Resources */ = {isa = PBXBuildFile; fileRef = 6BFC74E92B6A3CDF00FF0285 /* OpenSans-Bold.ttf */; };
		6BFC74F52B6A3CDF00FF0285 /* OpenSans-SemiboldItalic.ttf in Resources */ = {isa = PBXBuildFile; fileRef = 6BFC74EA2B6A3CDF00FF0285 /* OpenSans-SemiboldItalic.ttf */; };
		6BFC74F62B6A3CDF00FF0285 /* OpenSans-ExtraBoldItalic.ttf in Resources */ = {isa = PBXBuildFile; fileRef = 6BFC74EB2B6A3CDF00FF0285 /* OpenSans-ExtraBoldItalic.ttf */; };
		6BFC74F72B6A3CDF00FF0285 /* LICENSE.txt in Resources */ = {isa = PBXBuildFile; fileRef = 6BFC74EC2B6A3CDF00FF0285 /* LICENSE.txt */; };
		6BFC74F82B6A3CDF00FF0285 /* OpenSans-Regular.ttf in Resources */ = {isa = PBXBuildFile; fileRef = 6BFC74ED2B6A3CDF00FF0285 /* OpenSans-Regular.ttf */; };
		6BFC74F92B6A3CDF00FF0285 /* OpenSans-BoldItalic.ttf in Resources */ = {isa = PBXBuildFile; fileRef = 6BFC74EE2B6A3CDF00FF0285 /* OpenSans-BoldItalic.ttf */; };
		6BFC74FB2B6A73B300FF0285 /* InstagramImageCell.swift in Sources */ = {isa = PBXBuildFile; fileRef = 6BFC74FA2B6A73B300FF0285 /* InstagramImageCell.swift */; };
		6BFC74FD2B6A73E400FF0285 /* InstaImageModel.swift in Sources */ = {isa = PBXBuildFile; fileRef = 6BFC74FC2B6A73E400FF0285 /* InstaImageModel.swift */; };
		C6BD57E72B2C938300FDB34A /* AppDelegate.swift in Sources */ = {isa = PBXBuildFile; fileRef = C6BD57E62B2C938300FDB34A /* AppDelegate.swift */; };
		C6BD57E92B2C938300FDB34A /* SceneDelegate.swift in Sources */ = {isa = PBXBuildFile; fileRef = C6BD57E82B2C938300FDB34A /* SceneDelegate.swift */; };
		C6BD57EB2B2C938300FDB34A /* TodoViewController.swift in Sources */ = {isa = PBXBuildFile; fileRef = C6BD57EA2B2C938300FDB34A /* TodoViewController.swift */; };
		C6BD57EE2B2C938300FDB34A /* Main.storyboard in Resources */ = {isa = PBXBuildFile; fileRef = C6BD57EC2B2C938300FDB34A /* Main.storyboard */; };
		C6BD57F02B2C938400FDB34A /* Assets.xcassets in Resources */ = {isa = PBXBuildFile; fileRef = C6BD57EF2B2C938400FDB34A /* Assets.xcassets */; };
		C6BD57F32B2C938400FDB34A /* LaunchScreen.storyboard in Resources */ = {isa = PBXBuildFile; fileRef = C6BD57F12B2C938400FDB34A /* LaunchScreen.storyboard */; };
		C6FDE6382B2D905700FA1AB7 /* Todo.swift in Sources */ = {isa = PBXBuildFile; fileRef = C6FDE6372B2D905700FA1AB7 /* Todo.swift */; };
		C6FDE63B2B2D935600FA1AB7 /* TodoTableViewCell.swift in Sources */ = {isa = PBXBuildFile; fileRef = C6FDE63A2B2D935600FA1AB7 /* TodoTableViewCell.swift */; };
		C6FDE63E2B2D951200FA1AB7 /* String+extension.swift in Sources */ = {isa = PBXBuildFile; fileRef = C6FDE63D2B2D951200FA1AB7 /* String+extension.swift */; };
/* End PBXBuildFile section */

/* Begin PBXFileReference section */
		6B02F2252B68FB95005B36BD /* HomeViewController.swift */ = {isa = PBXFileReference; lastKnownFileType = sourcecode.swift; path = HomeViewController.swift; sourceTree = "<group>"; };
		6B02F2272B6A398E005B36BD /* ProfileDesignViewController.swift */ = {isa = PBXFileReference; lastKnownFileType = sourcecode.swift; path = ProfileDesignViewController.swift; sourceTree = "<group>"; };
		6BFC74E42B6A3CDF00FF0285 /* OpenSans-Semibold.ttf */ = {isa = PBXFileReference; lastKnownFileType = file; path = "OpenSans-Semibold.ttf"; sourceTree = "<group>"; };
		6BFC74E52B6A3CDF00FF0285 /* OpenSans-Light.ttf */ = {isa = PBXFileReference; lastKnownFileType = file; path = "OpenSans-Light.ttf"; sourceTree = "<group>"; };
		6BFC74E62B6A3CDF00FF0285 /* OpenSans-Italic.ttf */ = {isa = PBXFileReference; lastKnownFileType = file; path = "OpenSans-Italic.ttf"; sourceTree = "<group>"; };
		6BFC74E72B6A3CDF00FF0285 /* OpenSans-ExtraBold.ttf */ = {isa = PBXFileReference; lastKnownFileType = file; path = "OpenSans-ExtraBold.ttf"; sourceTree = "<group>"; };
		6BFC74E82B6A3CDF00FF0285 /* OpenSans-LightItalic.ttf */ = {isa = PBXFileReference; lastKnownFileType = file; path = "OpenSans-LightItalic.ttf"; sourceTree = "<group>"; };
		6BFC74E92B6A3CDF00FF0285 /* OpenSans-Bold.ttf */ = {isa = PBXFileReference; lastKnownFileType = file; path = "OpenSans-Bold.ttf"; sourceTree = "<group>"; };
		6BFC74EA2B6A3CDF00FF0285 /* OpenSans-SemiboldItalic.ttf */ = {isa = PBXFileReference; lastKnownFileType = file; path = "OpenSans-SemiboldItalic.ttf"; sourceTree = "<group>"; };
		6BFC74EB2B6A3CDF00FF0285 /* OpenSans-ExtraBoldItalic.ttf */ = {isa = PBXFileReference; lastKnownFileType = file; path = "OpenSans-ExtraBoldItalic.ttf"; sourceTree = "<group>"; };
		6BFC74EC2B6A3CDF00FF0285 /* LICENSE.txt */ = {isa = PBXFileReference; fileEncoding = 4; lastKnownFileType = text; path = LICENSE.txt; sourceTree = "<group>"; };
		6BFC74ED2B6A3CDF00FF0285 /* OpenSans-Regular.ttf */ = {isa = PBXFileReference; lastKnownFileType = file; path = "OpenSans-Regular.ttf"; sourceTree = "<group>"; };
		6BFC74EE2B6A3CDF00FF0285 /* OpenSans-BoldItalic.ttf */ = {isa = PBXFileReference; lastKnownFileType = file; path = "OpenSans-BoldItalic.ttf"; sourceTree = "<group>"; };
		6BFC74FA2B6A73B300FF0285 /* InstagramImageCell.swift */ = {isa = PBXFileReference; lastKnownFileType = sourcecode.swift; path = InstagramImageCell.swift; sourceTree = "<group>"; };
		6BFC74FC2B6A73E400FF0285 /* InstaImageModel.swift */ = {isa = PBXFileReference; lastKnownFileType = sourcecode.swift; path = InstaImageModel.swift; sourceTree = "<group>"; };
		C6BD57E32B2C938300FDB34A /* TODO.app */ = {isa = PBXFileReference; explicitFileType = wrapper.application; includeInIndex = 0; path = TODO.app; sourceTree = BUILT_PRODUCTS_DIR; };
		C6BD57E62B2C938300FDB34A /* AppDelegate.swift */ = {isa = PBXFileReference; lastKnownFileType = sourcecode.swift; path = AppDelegate.swift; sourceTree = "<group>"; };
		C6BD57E82B2C938300FDB34A /* SceneDelegate.swift */ = {isa = PBXFileReference; lastKnownFileType = sourcecode.swift; path = SceneDelegate.swift; sourceTree = "<group>"; };
		C6BD57EA2B2C938300FDB34A /* TodoViewController.swift */ = {isa = PBXFileReference; lastKnownFileType = sourcecode.swift; path = TodoViewController.swift; sourceTree = "<group>"; };
		C6BD57ED2B2C938300FDB34A /* Base */ = {isa = PBXFileReference; lastKnownFileType = file.storyboard; name = Base; path = Base.lproj/Main.storyboard; sourceTree = "<group>"; };
		C6BD57EF2B2C938400FDB34A /* Assets.xcassets */ = {isa = PBXFileReference; lastKnownFileType = folder.assetcatalog; path = Assets.xcassets; sourceTree = "<group>"; };
		C6BD57F22B2C938400FDB34A /* Base */ = {isa = PBXFileReference; lastKnownFileType = file.storyboard; name = Base; path = Base.lproj/LaunchScreen.storyboard; sourceTree = "<group>"; };
		C6BD57F42B2C938400FDB34A /* Info.plist */ = {isa = PBXFileReference; lastKnownFileType = text.plist.xml; path = Info.plist; sourceTree = "<group>"; };
		C6FDE6372B2D905700FA1AB7 /* Todo.swift */ = {isa = PBXFileReference; lastKnownFileType = sourcecode.swift; path = Todo.swift; sourceTree = "<group>"; };
		C6FDE63A2B2D935600FA1AB7 /* TodoTableViewCell.swift */ = {isa = PBXFileReference; lastKnownFileType = sourcecode.swift; path = TodoTableViewCell.swift; sourceTree = "<group>"; };
		C6FDE63D2B2D951200FA1AB7 /* String+extension.swift */ = {isa = PBXFileReference; lastKnownFileType = sourcecode.swift; path = "String+extension.swift"; sourceTree = "<group>"; };
/* End PBXFileReference section */

/* Begin PBXFrameworksBuildPhase section */
		C6BD57E02B2C938300FDB34A /* Frameworks */ = {
			isa = PBXFrameworksBuildPhase;
			buildActionMask = 2147483647;
			files = (
			);
			runOnlyForDeploymentPostprocessing = 0;
		};
/* End PBXFrameworksBuildPhase section */

/* Begin PBXGroup section */
		6BFC74E32B6A3CDF00FF0285 /* open-sans */ = {
			isa = PBXGroup;
			children = (
				6BFC74E42B6A3CDF00FF0285 /* OpenSans-Semibold.ttf */,
				6BFC74E52B6A3CDF00FF0285 /* OpenSans-Light.ttf */,
				6BFC74E62B6A3CDF00FF0285 /* OpenSans-Italic.ttf */,
				6BFC74E72B6A3CDF00FF0285 /* OpenSans-ExtraBold.ttf */,
				6BFC74E82B6A3CDF00FF0285 /* OpenSans-LightItalic.ttf */,
				6BFC74E92B6A3CDF00FF0285 /* OpenSans-Bold.ttf */,
				6BFC74EA2B6A3CDF00FF0285 /* OpenSans-SemiboldItalic.ttf */,
				6BFC74EB2B6A3CDF00FF0285 /* OpenSans-ExtraBoldItalic.ttf */,
				6BFC74EC2B6A3CDF00FF0285 /* LICENSE.txt */,
				6BFC74ED2B6A3CDF00FF0285 /* OpenSans-Regular.ttf */,
				6BFC74EE2B6A3CDF00FF0285 /* OpenSans-BoldItalic.ttf */,
			);
			path = "open-sans";
			sourceTree = "<group>";
		};
		C6BD57DA2B2C938300FDB34A = {
			isa = PBXGroup;
			children = (
				C6BD57E52B2C938300FDB34A /* TODO */,
				C6BD57E42B2C938300FDB34A /* Products */,
			);
			sourceTree = "<group>";
		};
		C6BD57E42B2C938300FDB34A /* Products */ = {
			isa = PBXGroup;
			children = (
				C6BD57E32B2C938300FDB34A /* TODO.app */,
			);
			name = Products;
			sourceTree = "<group>";
		};
		C6BD57E52B2C938300FDB34A /* TODO */ = {
			isa = PBXGroup;
			children = (
				C6BD57E62B2C938300FDB34A /* AppDelegate.swift */,
				C6BD57E82B2C938300FDB34A /* SceneDelegate.swift */,
				C6BD57EA2B2C938300FDB34A /* TodoViewController.swift */,
				C6FDE6392B2D933C00FA1AB7 /* Cells */,
				C6FDE6362B2D903600FA1AB7 /* Model */,
				C6FDE63C2B2D950300FA1AB7 /* Extensioin */,
				C6BD57EC2B2C938300FDB34A /* Main.storyboard */,
				C6BD57EF2B2C938400FDB34A /* Assets.xcassets */,
				C6BD57F12B2C938400FDB34A /* LaunchScreen.storyboard */,
				C6BD57F42B2C938400FDB34A /* Info.plist */,
				6B02F2252B68FB95005B36BD /* HomeViewController.swift */,
				6B02F2272B6A398E005B36BD /* ProfileDesignViewController.swift */,
				6BFC74E32B6A3CDF00FF0285 /* open-sans */,
				6BFC74FA2B6A73B300FF0285 /* InstagramImageCell.swift */,
			);
			path = TODO;
			sourceTree = "<group>";
		};
		C6FDE6362B2D903600FA1AB7 /* Model */ = {
			isa = PBXGroup;
			children = (
				C6FDE6372B2D905700FA1AB7 /* Todo.swift */,
				6BFC74FC2B6A73E400FF0285 /* InstaImageModel.swift */,
			);
			path = Model;
			sourceTree = "<group>";
		};
		C6FDE6392B2D933C00FA1AB7 /* Cells */ = {
			isa = PBXGroup;
			children = (
				C6FDE63A2B2D935600FA1AB7 /* TodoTableViewCell.swift */,
			);
			path = Cells;
			sourceTree = "<group>";
		};
		C6FDE63C2B2D950300FA1AB7 /* Extensioin */ = {
			isa = PBXGroup;
			children = (
				C6FDE63D2B2D951200FA1AB7 /* String+extension.swift */,
			);
			path = Extensioin;
			sourceTree = "<group>";
		};
/* End PBXGroup section */

/* Begin PBXNativeTarget section */
		C6BD57E22B2C938300FDB34A /* TODO */ = {
			isa = PBXNativeTarget;
			buildConfigurationList = C6BD57F72B2C938400FDB34A /* Build configuration list for PBXNativeTarget "TODO" */;
			buildPhases = (
				C6BD57DF2B2C938300FDB34A /* Sources */,
				C6BD57E02B2C938300FDB34A /* Frameworks */,
				C6BD57E12B2C938300FDB34A /* Resources */,
			);
			buildRules = (
			);
			dependencies = (
			);
			name = TODO;
			productName = TODO;
			productReference = C6BD57E32B2C938300FDB34A /* TODO.app */;
			productType = "com.apple.product-type.application";
		};
/* End PBXNativeTarget section */

/* Begin PBXProject section */
		C6BD57DB2B2C938300FDB34A /* Project object */ = {
			isa = PBXProject;
			attributes = {
				BuildIndependentTargetsInParallel = 1;
				LastSwiftUpdateCheck = 1500;
				LastUpgradeCheck = 1500;
				TargetAttributes = {
					C6BD57E22B2C938300FDB34A = {
						CreatedOnToolsVersion = 15.0.1;
					};
				};
			};
			buildConfigurationList = C6BD57DE2B2C938300FDB34A /* Build configuration list for PBXProject "TODO" */;
			compatibilityVersion = "Xcode 14.0";
			developmentRegion = en;
			hasScannedForEncodings = 0;
			knownRegions = (
				en,
				Base,
			);
			mainGroup = C6BD57DA2B2C938300FDB34A;
			productRefGroup = C6BD57E42B2C938300FDB34A /* Products */;
			projectDirPath = "";
			projectRoot = "";
			targets = (
				C6BD57E22B2C938300FDB34A /* TODO */,
			);
		};
/* End PBXProject section */

/* Begin PBXResourcesBuildPhase section */
		C6BD57E12B2C938300FDB34A /* Resources */ = {
			isa = PBXResourcesBuildPhase;
			buildActionMask = 2147483647;
			files = (
				6BFC74F72B6A3CDF00FF0285 /* LICENSE.txt in Resources */,
				6BFC74EF2B6A3CDF00FF0285 /* OpenSans-Semibold.ttf in Resources */,
				C6BD57F32B2C938400FDB34A /* LaunchScreen.storyboard in Resources */,
				6BFC74F22B6A3CDF00FF0285 /* OpenSans-ExtraBold.ttf in Resources */,
				C6BD57F02B2C938400FDB34A /* Assets.xcassets in Resources */,
				6BFC74F12B6A3CDF00FF0285 /* OpenSans-Italic.ttf in Resources */,
				6BFC74F42B6A3CDF00FF0285 /* OpenSans-Bold.ttf in Resources */,
				6BFC74F52B6A3CDF00FF0285 /* OpenSans-SemiboldItalic.ttf in Resources */,
				6BFC74F02B6A3CDF00FF0285 /* OpenSans-Light.ttf in Resources */,
				6BFC74F32B6A3CDF00FF0285 /* OpenSans-LightItalic.ttf in Resources */,
				6BFC74F92B6A3CDF00FF0285 /* OpenSans-BoldItalic.ttf in Resources */,
				6BFC74F62B6A3CDF00FF0285 /* OpenSans-ExtraBoldItalic.ttf in Resources */,
				6BFC74F82B6A3CDF00FF0285 /* OpenSans-Regular.ttf in Resources */,
				C6BD57EE2B2C938300FDB34A /* Main.storyboard in Resources */,
			);
			runOnlyForDeploymentPostprocessing = 0;
		};
/* End PBXResourcesBuildPhase section */

/* Begin PBXSourcesBuildPhase section */
		C6BD57DF2B2C938300FDB34A /* Sources */ = {
			isa = PBXSourcesBuildPhase;
			buildActionMask = 2147483647;
			files = (
				C6BD57EB2B2C938300FDB34A /* TodoViewController.swift in Sources */,
				C6BD57E72B2C938300FDB34A /* AppDelegate.swift in Sources */,
				6B02F2282B6A398E005B36BD /* ProfileDesignViewController.swift in Sources */,
				C6FDE63E2B2D951200FA1AB7 /* String+extension.swift in Sources */,
				C6BD57E92B2C938300FDB34A /* SceneDelegate.swift in Sources */,
				6BFC74FB2B6A73B300FF0285 /* InstagramImageCell.swift in Sources */,
				C6FDE63B2B2D935600FA1AB7 /* TodoTableViewCell.swift in Sources */,
				6BFC74FD2B6A73E400FF0285 /* InstaImageModel.swift in Sources */,
				6B02F2262B68FB95005B36BD /* HomeViewController.swift in Sources */,
				C6FDE6382B2D905700FA1AB7 /* Todo.swift in Sources */,
			);
			runOnlyForDeploymentPostprocessing = 0;
		};
/* End PBXSourcesBuildPhase section */

/* Begin PBXVariantGroup section */
		C6BD57EC2B2C938300FDB34A /* Main.storyboard */ = {
			isa = PBXVariantGroup;
			children = (
				C6BD57ED2B2C938300FDB34A /* Base */,
			);
			name = Main.storyboard;
			sourceTree = "<group>";
		};
		C6BD57F12B2C938400FDB34A /* LaunchScreen.storyboard */ = {
			isa = PBXVariantGroup;
			children = (
				C6BD57F22B2C938400FDB34A /* Base */,
			);
			name = LaunchScreen.storyboard;
			sourceTree = "<group>";
		};
/* End PBXVariantGroup section */

/* Begin XCBuildConfiguration section */
		C6BD57F52B2C938400FDB34A /* Debug */ = {
			isa = XCBuildConfiguration;
			buildSettings = {
				ALWAYS_SEARCH_USER_PATHS = NO;
				ASSETCATALOG_COMPILER_GENERATE_SWIFT_ASSET_SYMBOL_EXTENSIONS = YES;
				CLANG_ANALYZER_NONNULL = YES;
				CLANG_ANALYZER_NUMBER_OBJECT_CONVERSION = YES_AGGRESSIVE;
				CLANG_CXX_LANGUAGE_STANDARD = "gnu++20";
				CLANG_ENABLE_MODULES = YES;
				CLANG_ENABLE_OBJC_ARC = YES;
				CLANG_ENABLE_OBJC_WEAK = YES;
				CLANG_WARN_BLOCK_CAPTURE_AUTORELEASING = YES;
				CLANG_WARN_BOOL_CONVERSION = YES;
				CLANG_WARN_COMMA = YES;
				CLANG_WARN_CONSTANT_CONVERSION = YES;
				CLANG_WARN_DEPRECATED_OBJC_IMPLEMENTATIONS = YES;
				CLANG_WARN_DIRECT_OBJC_ISA_USAGE = YES_ERROR;
				CLANG_WARN_DOCUMENTATION_COMMENTS = YES;
				CLANG_WARN_EMPTY_BODY = YES;
				CLANG_WARN_ENUM_CONVERSION = YES;
				CLANG_WARN_INFINITE_RECURSION = YES;
				CLANG_WARN_INT_CONVERSION = YES;
				CLANG_WARN_NON_LITERAL_NULL_CONVERSION = YES;
				CLANG_WARN_OBJC_IMPLICIT_RETAIN_SELF = YES;
				CLANG_WARN_OBJC_LITERAL_CONVERSION = YES;
				CLANG_WARN_OBJC_ROOT_CLASS = YES_ERROR;
				CLANG_WARN_QUOTED_INCLUDE_IN_FRAMEWORK_HEADER = YES;
				CLANG_WARN_RANGE_LOOP_ANALYSIS = YES;
				CLANG_WARN_STRICT_PROTOTYPES = YES;
				CLANG_WARN_SUSPICIOUS_MOVE = YES;
				CLANG_WARN_UNGUARDED_AVAILABILITY = YES_AGGRESSIVE;
				CLANG_WARN_UNREACHABLE_CODE = YES;
				CLANG_WARN__DUPLICATE_METHOD_MATCH = YES;
				COPY_PHASE_STRIP = NO;
				DEBUG_INFORMATION_FORMAT = dwarf;
				ENABLE_STRICT_OBJC_MSGSEND = YES;
				ENABLE_TESTABILITY = YES;
				ENABLE_USER_SCRIPT_SANDBOXING = YES;
				GCC_C_LANGUAGE_STANDARD = gnu17;
				GCC_DYNAMIC_NO_PIC = NO;
				GCC_NO_COMMON_BLOCKS = YES;
				GCC_OPTIMIZATION_LEVEL = 0;
				GCC_PREPROCESSOR_DEFINITIONS = (
					"DEBUG=1",
					"$(inherited)",
				);
				GCC_WARN_64_TO_32_BIT_CONVERSION = YES;
				GCC_WARN_ABOUT_RETURN_TYPE = YES_ERROR;
				GCC_WARN_UNDECLARED_SELECTOR = YES;
				GCC_WARN_UNINITIALIZED_AUTOS = YES_AGGRESSIVE;
				GCC_WARN_UNUSED_FUNCTION = YES;
				GCC_WARN_UNUSED_VARIABLE = YES;
				IPHONEOS_DEPLOYMENT_TARGET = 17.0;
				LOCALIZATION_PREFERS_STRING_CATALOGS = YES;
				MTL_ENABLE_DEBUG_INFO = INCLUDE_SOURCE;
				MTL_FAST_MATH = YES;
				ONLY_ACTIVE_ARCH = YES;
				SDKROOT = iphoneos;
				SWIFT_ACTIVE_COMPILATION_CONDITIONS = "DEBUG $(inherited)";
				SWIFT_OPTIMIZATION_LEVEL = "-Onone";
			};
			name = Debug;
		};
		C6BD57F62B2C938400FDB34A /* Release */ = {
			isa = XCBuildConfiguration;
			buildSettings = {
				ALWAYS_SEARCH_USER_PATHS = NO;
				ASSETCATALOG_COMPILER_GENERATE_SWIFT_ASSET_SYMBOL_EXTENSIONS = YES;
				CLANG_ANALYZER_NONNULL = YES;
				CLANG_ANALYZER_NUMBER_OBJECT_CONVERSION = YES_AGGRESSIVE;
				CLANG_CXX_LANGUAGE_STANDARD = "gnu++20";
				CLANG_ENABLE_MODULES = YES;
				CLANG_ENABLE_OBJC_ARC = YES;
				CLANG_ENABLE_OBJC_WEAK = YES;
				CLANG_WARN_BLOCK_CAPTURE_AUTORELEASING = YES;
				CLANG_WARN_BOOL_CONVERSION = YES;
				CLANG_WARN_COMMA = YES;
				CLANG_WARN_CONSTANT_CONVERSION = YES;
				CLANG_WARN_DEPRECATED_OBJC_IMPLEMENTATIONS = YES;
				CLANG_WARN_DIRECT_OBJC_ISA_USAGE = YES_ERROR;
				CLANG_WARN_DOCUMENTATION_COMMENTS = YES;
				CLANG_WARN_EMPTY_BODY = YES;
				CLANG_WARN_ENUM_CONVERSION = YES;
				CLANG_WARN_INFINITE_RECURSION = YES;
				CLANG_WARN_INT_CONVERSION = YES;
				CLANG_WARN_NON_LITERAL_NULL_CONVERSION = YES;
				CLANG_WARN_OBJC_IMPLICIT_RETAIN_SELF = YES;
				CLANG_WARN_OBJC_LITERAL_CONVERSION = YES;
				CLANG_WARN_OBJC_ROOT_CLASS = YES_ERROR;
				CLANG_WARN_QUOTED_INCLUDE_IN_FRAMEWORK_HEADER = YES;
				CLANG_WARN_RANGE_LOOP_ANALYSIS = YES;
				CLANG_WARN_STRICT_PROTOTYPES = YES;
				CLANG_WARN_SUSPICIOUS_MOVE = YES;
				CLANG_WARN_UNGUARDED_AVAILABILITY = YES_AGGRESSIVE;
				CLANG_WARN_UNREACHABLE_CODE = YES;
				CLANG_WARN__DUPLICATE_METHOD_MATCH = YES;
				COPY_PHASE_STRIP = NO;
				DEBUG_INFORMATION_FORMAT = "dwarf-with-dsym";
				ENABLE_NS_ASSERTIONS = NO;
				ENABLE_STRICT_OBJC_MSGSEND = YES;
				ENABLE_USER_SCRIPT_SANDBOXING = YES;
				GCC_C_LANGUAGE_STANDARD = gnu17;
				GCC_NO_COMMON_BLOCKS = YES;
				GCC_WARN_64_TO_32_BIT_CONVERSION = YES;
				GCC_WARN_ABOUT_RETURN_TYPE = YES_ERROR;
				GCC_WARN_UNDECLARED_SELECTOR = YES;
				GCC_WARN_UNINITIALIZED_AUTOS = YES_AGGRESSIVE;
				GCC_WARN_UNUSED_FUNCTION = YES;
				GCC_WARN_UNUSED_VARIABLE = YES;
				IPHONEOS_DEPLOYMENT_TARGET = 17.0;
				LOCALIZATION_PREFERS_STRING_CATALOGS = YES;
				MTL_ENABLE_DEBUG_INFO = NO;
				MTL_FAST_MATH = YES;
				SDKROOT = iphoneos;
				SWIFT_COMPILATION_MODE = wholemodule;
				VALIDATE_PRODUCT = YES;
			};
			name = Release;
		};
		C6BD57F82B2C938400FDB34A /* Debug */ = {
			isa = XCBuildConfiguration;
			buildSettings = {
				ASSETCATALOG_COMPILER_APPICON_NAME = AppIcon;
				ASSETCATALOG_COMPILER_GLOBAL_ACCENT_COLOR_NAME = AccentColor;
				CODE_SIGN_STYLE = Automatic;
				CURRENT_PROJECT_VERSION = 1;
				GENERATE_INFOPLIST_FILE = YES;
				INFOPLIST_FILE = TODO/Info.plist;
				INFOPLIST_KEY_UIApplicationSupportsIndirectInputEvents = YES;
				INFOPLIST_KEY_UILaunchStoryboardName = LaunchScreen;
				INFOPLIST_KEY_UIMainStoryboardFile = Main;
				INFOPLIST_KEY_UISupportedInterfaceOrientations_iPad = "UIInterfaceOrientationPortrait UIInterfaceOrientationPortraitUpsideDown UIInterfaceOrientationLandscapeLeft UIInterfaceOrientationLandscapeRight";
				INFOPLIST_KEY_UISupportedInterfaceOrientations_iPhone = "UIInterfaceOrientationPortrait UIInterfaceOrientationLandscapeLeft UIInterfaceOrientationLandscapeRight";
				LD_RUNPATH_SEARCH_PATHS = (
					"$(inherited)",
					"@executable_path/Frameworks",
				);
				MARKETING_VERSION = 1.0;
				PRODUCT_BUNDLE_IDENTIFIER = com.ios.camp.TODO;
				PRODUCT_NAME = "$(TARGET_NAME)";
				SWIFT_EMIT_LOC_STRINGS = YES;
				SWIFT_VERSION = 5.0;
				TARGETED_DEVICE_FAMILY = "1,2";
			};
			name = Debug;
		};
		C6BD57F92B2C938400FDB34A /* Release */ = {
			isa = XCBuildConfiguration;
			buildSettings = {
				ASSETCATALOG_COMPILER_APPICON_NAME = AppIcon;
				ASSETCATALOG_COMPILER_GLOBAL_ACCENT_COLOR_NAME = AccentColor;
				CODE_SIGN_STYLE = Automatic;
				CURRENT_PROJECT_VERSION = 1;
				GENERATE_INFOPLIST_FILE = YES;
				INFOPLIST_FILE = TODO/Info.plist;
				INFOPLIST_KEY_UIApplicationSupportsIndirectInputEvents = YES;
				INFOPLIST_KEY_UILaunchStoryboardName = LaunchScreen;
				INFOPLIST_KEY_UIMainStoryboardFile = Main;
				INFOPLIST_KEY_UISupportedInterfaceOrientations_iPad = "UIInterfaceOrientationPortrait UIInterfaceOrientationPortraitUpsideDown UIInterfaceOrientationLandscapeLeft UIInterfaceOrientationLandscapeRight";
				INFOPLIST_KEY_UISupportedInterfaceOrientations_iPhone = "UIInterfaceOrientationPortrait UIInterfaceOrientationLandscapeLeft UIInterfaceOrientationLandscapeRight";
				LD_RUNPATH_SEARCH_PATHS = (
					"$(inherited)",
					"@executable_path/Frameworks",
				);
				MARKETING_VERSION = 1.0;
				PRODUCT_BUNDLE_IDENTIFIER = com.ios.camp.TODO;
				PRODUCT_NAME = "$(TARGET_NAME)";
				SWIFT_EMIT_LOC_STRINGS = YES;
				SWIFT_VERSION = 5.0;
				TARGETED_DEVICE_FAMILY = "1,2";
			};
			name = Release;
		};
/* End XCBuildConfiguration section */

/* Begin XCConfigurationList section */
		C6BD57DE2B2C938300FDB34A /* Build configuration list for PBXProject "TODO" */ = {
			isa = XCConfigurationList;
			buildConfigurations = (
				C6BD57F52B2C938400FDB34A /* Debug */,
				C6BD57F62B2C938400FDB34A /* Release */,
			);
			defaultConfigurationIsVisible = 0;
			defaultConfigurationName = Release;
		};
		C6BD57F72B2C938400FDB34A /* Build configuration list for PBXNativeTarget "TODO" */ = {
			isa = XCConfigurationList;
			buildConfigurations = (
				C6BD57F82B2C938400FDB34A /* Debug */,
				C6BD57F92B2C938400FDB34A /* Release */,
			);
			defaultConfigurationIsVisible = 0;
			defaultConfigurationName = Release;
		};
/* End XCConfigurationList section */
	};
	rootObject = C6BD57DB2B2C938300FDB34A /* Project object */;
}
